
Microsoft Visual Studio Solution File, Format Version 12.00
Project("{FAE04EC0-301F-11D3-BF4B-00C04F79EFBC}") = "ImageRenderer", "ImageRenderer\ImageRenderer.csproj", "{E3F8C0AB-A7FC-403F-ADAE-3FEC1783A37E}"
EndProject
Project("{FAE04EC0-301F-11D3-BF4B-00C04F79EFBC}") = "VideoRenderer", "VideoRenderer\VideoRenderer.csproj", "{734FE63F-D161-4F2D-A864-E9FBB5FC032C}"
EndProject
Project("{FAE04EC0-301F-11D3-BF4B-00C04F79EFBC}") = "ImageRenderer.Testing", "ImageRenderer.Testing\ImageRenderer.Testing.csproj", "{F87408A6-EEA8-481D-B4F2-BF4134F84B95}"
EndProject
Project("{FAE04EC0-301F-11D3-BF4B-00C04F79EFBC}") = "VideoRenderer.Testing", "VideoRenderer.Testing\VideoRenderer.Testing.csproj", "{E76D20C9-DF3B-48FD-BAF9-3F178969D041}"
EndProject
Global
	GlobalSection(SolutionConfigurationPlatforms) = preSolution
		Debug|Any CPU = Debug|Any CPU
		Release|Any CPU = Release|Any CPU
	EndGlobalSection
	GlobalSection(ProjectConfigurationPlatforms) = postSolution
		{E3F8C0AB-A7FC-403F-ADAE-3FEC1783A37E}.Debug|Any CPU.ActiveCfg = Debug|Any CPU
		{E3F8C0AB-A7FC-403F-ADAE-3FEC1783A37E}.Debug|Any CPU.Build.0 = Debug|Any CPU
		{E3F8C0AB-A7FC-403F-ADAE-3FEC1783A37E}.Release|Any CPU.ActiveCfg = Release|Any CPU
		{E3F8C0AB-A7FC-403F-ADAE-3FEC1783A37E}.Release|Any CPU.Build.0 = Release|Any CPU
		{734FE63F-D161-4F2D-A864-E9FBB5FC032C}.Debug|Any CPU.ActiveCfg = Debug|Any CPU
		{734FE63F-D161-4F2D-A864-E9FBB5FC032C}.Debug|Any CPU.Build.0 = Debug|Any CPU
		{734FE63F-D161-4F2D-A864-E9FBB5FC032C}.Release|Any CPU.ActiveCfg = Release|Any CPU
		{734FE63F-D161-4F2D-A864-E9FBB5FC032C}.Release|Any CPU.Build.0 = Release|Any CPU
		{F87408A6-EEA8-481D-B4F2-BF4134F84B95}.Debug|Any CPU.ActiveCfg = Debug|Any CPU
		{F87408A6-EEA8-481D-B4F2-BF4134F84B95}.Debug|Any CPU.Build.0 = Debug|Any CPU
		{F87408A6-EEA8-481D-B4F2-BF4134F84B95}.Release|Any CPU.ActiveCfg = Release|Any CPU
		{F87408A6-EEA8-481D-B4F2-BF4134F84B95}.Release|Any CPU.Build.0 = Release|Any CPU
		{E76D20C9-DF3B-48FD-BAF9-3F178969D041}.Debug|Any CPU.ActiveCfg = Debug|Any CPU
		{E76D20C9-DF3B-48FD-BAF9-3F178969D041}.Debug|Any CPU.Build.0 = Debug|Any CPU
		{E76D20C9-DF3B-48FD-BAF9-3F178969D041}.Release|Any CPU.ActiveCfg = Release|Any CPU
		{E76D20C9-DF3B-48FD-BAF9-3F178969D041}.Release|Any CPU.Build.0 = Release|Any CPU
	EndGlobalSection
EndGlobal
